{
  "name": "zapzap-statistics",
  "version": "1.0.0",
  "lockfileVersion": 2,
  "requires": true,
  "packages": {
    "": {
      "name": "zapzap-statistics",
      "version": "1.0.0",
      "license": "ISC",
      "dependencies": {
        "whatsapp-chat-parser": "^3.2.1"
      }
    },
    "node_modules/whatsapp-chat-parser": {
      "version": "3.2.1",
      "resolved": "https://registry.npmjs.org/whatsapp-chat-parser/-/whatsapp-chat-parser-3.2.1.tgz",
      "integrity": "sha512-w9ijusSKPkPz4bAfecZMyYFAfv+uj056Qf+iIFaPv42xSKDUO0986ts/JcdjJItsE/Nwx43dAGb+eIyTxADcEg==",
      "engines": {
        "node": ">=8.0.0"
      }
    }
  },
  "dependencies": {
    "whatsapp-chat-parser": {
      "version": "3.2.1",
      "resolved": "https://registry.npmjs.org/whatsapp-chat-parser/-/whatsapp-chat-parser-3.2.1.tgz",
      "integrity": "sha512-w9ijusSKPkPz4bAfecZMyYFAfv+uj056Qf+iIFaPv42xSKDUO0986ts/JcdjJItsE/Nwx43dAGb+eIyTxADcEg=="
    }
  }
}
