{
  "name": "zapzap-statistics",
  "version": "1.0.0",
  "lockfileVersion": 1,
  "requires": true,
  "dependencies": {
    "whatsapp-chat-parser": {
      "version": "3.0.2",
      "resolved": "https://registry.npmjs.org/whatsapp-chat-parser/-/whatsapp-chat-parser-3.0.2.tgz",
      "integrity": "sha512-JqP/9eQISqbwzQL1pb0ReQ/Q0AE6fOjkM2txnc7H3QuSJO4zKRG2tRUyUV0drWhUedbACwh6GY8S9UQXbPcHwA=="
    }
  }
}
